
Microsoft Visual Studio Solution File, Format Version 12.00
Project("{FAE04EC0-301F-11D3-BF4B-00C04F79EFBC}") = "ProjectAnimesAPI", "ProjectAnimesAPI\ProjectAnimesAPI.csproj", "{C143CE19-192D-4E6B-979B-7F0BBC3ADEDB}"
EndProject
Global
	GlobalSection(SolutionConfigurationPlatforms) = preSolution
		Debug|Any CPU = Debug|Any CPU
		Release|Any CPU = Release|Any CPU
	EndGlobalSection
	GlobalSection(ProjectConfigurationPlatforms) = postSolution
		{C143CE19-192D-4E6B-979B-7F0BBC3ADEDB}.Debug|Any CPU.ActiveCfg = Debug|Any CPU
		{C143CE19-192D-4E6B-979B-7F0BBC3ADEDB}.Debug|Any CPU.Build.0 = Debug|Any CPU
		{C143CE19-192D-4E6B-979B-7F0BBC3ADEDB}.Release|Any CPU.ActiveCfg = Release|Any CPU
		{C143CE19-192D-4E6B-979B-7F0BBC3ADEDB}.Release|Any CPU.Build.0 = Release|Any CPU
	EndGlobalSection
EndGlobal
